
Microsoft Visual Studio Solution File, Format Version 12.00
# Visual Studio 15
VisualStudioVersion = 15.0.28307.106
MinimumVisualStudioVersion = 10.0.40219.1
Project("{FAE04EC0-301F-11D3-BF4B-00C04F79EFBC}") = "ContaBancaria", "ContaBancaria\ContaBancaria.csproj", "{10A8A59F-A963-4B88-AB3B-4C543BF3C628}"
EndProject
Global
	GlobalSection(SolutionConfigurationPlatforms) = preSolution
		Debug|Any CPU = Debug|Any CPU
		Release|Any CPU = Release|Any CPU
	EndGlobalSection
	GlobalSection(ProjectConfigurationPlatforms) = postSolution
		{10A8A59F-A963-4B88-AB3B-4C543BF3C628}.Debug|Any CPU.ActiveCfg = Debug|Any CPU
		{10A8A59F-A963-4B88-AB3B-4C543BF3C628}.Debug|Any CPU.Build.0 = Debug|Any CPU
		{10A8A59F-A963-4B88-AB3B-4C543BF3C628}.Release|Any CPU.ActiveCfg = Release|Any CPU
		{10A8A59F-A963-4B88-AB3B-4C543BF3C628}.Release|Any CPU.Build.0 = Release|Any CPU
	EndGlobalSection
	GlobalSection(SolutionProperties) = preSolution
		HideSolutionNode = FALSE
	EndGlobalSection
	GlobalSection(ExtensibilityGlobals) = postSolution
		SolutionGuid = {150EB3EB-3552-4A07-9967-872A1D657985}
	EndGlobalSection
EndGlobal
